
Microsoft Visual Studio Solution File, Format Version 12.00
# Visual Studio 14
VisualStudioVersion = 14.0.24720.0
MinimumVisualStudioVersion = 10.0.40219.1
Project("{8BC9CEB8-8B4A-11D0-8D11-00A0C91BC942}") = "TP_SO2", "TP_SO2\TP_SO2.vcxproj", "{AE9E815B-338D-4522-94C9-E8BC9BDEE110}"
EndProject
Project("{8BC9CEB8-8B4A-11D0-8D11-00A0C91BC942}") = "ClienteConsola", "ClienteConsola\ClienteConsola.vcxproj", "{61AAFF79-96F8-478B-8FB8-E9FB610B2ACA}"
EndProject
Global
	GlobalSection(SolutionConfigurationPlatforms) = preSolution
		Debug|ARM = Debug|ARM
		Debug|x64 = Debug|x64
		Debug|x86 = Debug|x86
		Release|ARM = Release|ARM
		Release|x64 = Release|x64
		Release|x86 = Release|x86
	EndGlobalSection
	GlobalSection(ProjectConfigurationPlatforms) = postSolution
		{AE9E815B-338D-4522-94C9-E8BC9BDEE110}.Debug|ARM.ActiveCfg = Debug|Win32
		{AE9E815B-338D-4522-94C9-E8BC9BDEE110}.Debug|x64.ActiveCfg = Debug|x64
		{AE9E815B-338D-4522-94C9-E8BC9BDEE110}.Debug|x64.Build.0 = Debug|x64
		{AE9E815B-338D-4522-94C9-E8BC9BDEE110}.Debug|x86.ActiveCfg = Debug|Win32
		{AE9E815B-338D-4522-94C9-E8BC9BDEE110}.Debug|x86.Build.0 = Debug|Win32
		{AE9E815B-338D-4522-94C9-E8BC9BDEE110}.Debug|x86.Deploy.0 = Debug|Win32
		{AE9E815B-338D-4522-94C9-E8BC9BDEE110}.Release|ARM.ActiveCfg = Release|Win32
		{AE9E815B-338D-4522-94C9-E8BC9BDEE110}.Release|x64.ActiveCfg = Release|x64
		{AE9E815B-338D-4522-94C9-E8BC9BDEE110}.Release|x64.Build.0 = Release|x64
		{AE9E815B-338D-4522-94C9-E8BC9BDEE110}.Release|x86.ActiveCfg = Release|Win32
		{AE9E815B-338D-4522-94C9-E8BC9BDEE110}.Release|x86.Build.0 = Release|Win32
		{61AAFF79-96F8-478B-8FB8-E9FB610B2ACA}.Debug|ARM.ActiveCfg = Debug|Win32
		{61AAFF79-96F8-478B-8FB8-E9FB610B2ACA}.Debug|x64.ActiveCfg = Debug|x64
		{61AAFF79-96F8-478B-8FB8-E9FB610B2ACA}.Debug|x64.Build.0 = Debug|x64
		{61AAFF79-96F8-478B-8FB8-E9FB610B2ACA}.Debug|x86.ActiveCfg = Debug|Win32
		{61AAFF79-96F8-478B-8FB8-E9FB610B2ACA}.Debug|x86.Build.0 = Debug|Win32
		{61AAFF79-96F8-478B-8FB8-E9FB610B2ACA}.Release|ARM.ActiveCfg = Release|Win32
		{61AAFF79-96F8-478B-8FB8-E9FB610B2ACA}.Release|x64.ActiveCfg = Release|x64
		{61AAFF79-96F8-478B-8FB8-E9FB610B2ACA}.Release|x64.Build.0 = Release|x64
		{61AAFF79-96F8-478B-8FB8-E9FB610B2ACA}.Release|x86.ActiveCfg = Release|Win32
		{61AAFF79-96F8-478B-8FB8-E9FB610B2ACA}.Release|x86.Build.0 = Release|Win32
	EndGlobalSection
	GlobalSection(SolutionProperties) = preSolution
		HideSolutionNode = FALSE
	EndGlobalSection
EndGlobal
